
Microsoft Visual Studio Solution File, Format Version 12.00
# Visual Studio Version 16
VisualStudioVersion = 16.0.30413.136
MinimumVisualStudioVersion = 10.0.40219.1
Project("{FAE04EC0-301F-11D3-BF4B-00C04F79EFBC}") = "Project fo Tokar", "Project fo Tokar\Project fo Tokar.csproj", "{9BA9013F-AF21-4537-AF02-A97632FAB724}"
EndProject
Project("{FAE04EC0-301F-11D3-BF4B-00C04F79EFBC}") = "UnitTestProject1", "UnitTestProject1\UnitTestProject1.csproj", "{DC79D8C1-4355-43A5-A497-1A705DCE911F}"
EndProject
Global
	GlobalSection(SolutionConfigurationPlatforms) = preSolution
		Debug|Any CPU = Debug|Any CPU
		Release|Any CPU = Release|Any CPU
	EndGlobalSection
	GlobalSection(ProjectConfigurationPlatforms) = postSolution
		{9BA9013F-AF21-4537-AF02-A97632FAB724}.Debug|Any CPU.ActiveCfg = Debug|Any CPU
		{9BA9013F-AF21-4537-AF02-A97632FAB724}.Debug|Any CPU.Build.0 = Debug|Any CPU
		{9BA9013F-AF21-4537-AF02-A97632FAB724}.Release|Any CPU.ActiveCfg = Release|Any CPU
		{9BA9013F-AF21-4537-AF02-A97632FAB724}.Release|Any CPU.Build.0 = Release|Any CPU
		{DC79D8C1-4355-43A5-A497-1A705DCE911F}.Debug|Any CPU.ActiveCfg = Debug|Any CPU
		{DC79D8C1-4355-43A5-A497-1A705DCE911F}.Debug|Any CPU.Build.0 = Debug|Any CPU
		{DC79D8C1-4355-43A5-A497-1A705DCE911F}.Release|Any CPU.ActiveCfg = Release|Any CPU
		{DC79D8C1-4355-43A5-A497-1A705DCE911F}.Release|Any CPU.Build.0 = Release|Any CPU
	EndGlobalSection
	GlobalSection(SolutionProperties) = preSolution
		HideSolutionNode = FALSE
	EndGlobalSection
	GlobalSection(ExtensibilityGlobals) = postSolution
		SolutionGuid = {0FFE6DDA-FEC7-40A1-B8CA-89B3060D77AF}
	EndGlobalSection
EndGlobal
